
Microsoft Visual Studio Solution File, Format Version 12.00
# Visual Studio Version 16
VisualStudioVersion = 16.0.29001.49
MinimumVisualStudioVersion = 10.0.40219.1
Project("{FAE04EC0-301F-11D3-BF4B-00C04F79EFBC}") = "LogViewer2", "LogViewer2.csproj", "{1CD73F49-C96B-449C-A825-B0A7B390E922}"
EndProject
Global
	GlobalSection(SolutionConfigurationPlatforms) = preSolution
		Debug|Any CPU = Debug|Any CPU
		Release|Any CPU = Release|Any CPU
	EndGlobalSection
	GlobalSection(ProjectConfigurationPlatforms) = postSolution
		{1CD73F49-C96B-449C-A825-B0A7B390E922}.Debug|Any CPU.ActiveCfg = Debug|Any CPU
		{1CD73F49-C96B-449C-A825-B0A7B390E922}.Debug|Any CPU.Build.0 = Debug|Any CPU
		{1CD73F49-C96B-449C-A825-B0A7B390E922}.Release|Any CPU.ActiveCfg = Release|Any CPU
		{1CD73F49-C96B-449C-A825-B0A7B390E922}.Release|Any CPU.Build.0 = Release|Any CPU
	EndGlobalSection
	GlobalSection(SolutionProperties) = preSolution
		HideSolutionNode = FALSE
	EndGlobalSection
	GlobalSection(ExtensibilityGlobals) = postSolution
		SolutionGuid = {1B9D3315-9277-4D09-8FE3-0C9357708EDB}
	EndGlobalSection
EndGlobal
